
Microsoft Visual Studio Solution File, Format Version 12.00
# Visual Studio Version 16
VisualStudioVersion = 16.0.30225.117
MinimumVisualStudioVersion = 10.0.40219.1
Project("{FAE04EC0-301F-11D3-BF4B-00C04F79EFBC}") = "P01_HospitalDatabase", "P01_HospitalDatabase\P01_HospitalDatabase.csproj", "{ED06BE41-7193-4DF4-8BB3-48C7B8580B04}"
EndProject
Project("{FAE04EC0-301F-11D3-BF4B-00C04F79EFBC}") = "P03_SalesDatabase", "P03_SalesDatabase\P03_SalesDatabase.csproj", "{6186A400-A8B0-427B-B8F3-7E19438805FF}"
EndProject
Global
	GlobalSection(SolutionConfigurationPlatforms) = preSolution
		Debug|Any CPU = Debug|Any CPU
		Release|Any CPU = Release|Any CPU
	EndGlobalSection
	GlobalSection(ProjectConfigurationPlatforms) = postSolution
		{ED06BE41-7193-4DF4-8BB3-48C7B8580B04}.Debug|Any CPU.ActiveCfg = Debug|Any CPU
		{ED06BE41-7193-4DF4-8BB3-48C7B8580B04}.Debug|Any CPU.Build.0 = Debug|Any CPU
		{ED06BE41-7193-4DF4-8BB3-48C7B8580B04}.Release|Any CPU.ActiveCfg = Release|Any CPU
		{ED06BE41-7193-4DF4-8BB3-48C7B8580B04}.Release|Any CPU.Build.0 = Release|Any CPU
		{6186A400-A8B0-427B-B8F3-7E19438805FF}.Debug|Any CPU.ActiveCfg = Debug|Any CPU
		{6186A400-A8B0-427B-B8F3-7E19438805FF}.Debug|Any CPU.Build.0 = Debug|Any CPU
		{6186A400-A8B0-427B-B8F3-7E19438805FF}.Release|Any CPU.ActiveCfg = Release|Any CPU
		{6186A400-A8B0-427B-B8F3-7E19438805FF}.Release|Any CPU.Build.0 = Release|Any CPU
	EndGlobalSection
	GlobalSection(SolutionProperties) = preSolution
		HideSolutionNode = FALSE
	EndGlobalSection
	GlobalSection(ExtensibilityGlobals) = postSolution
		SolutionGuid = {552394DD-C4FD-4CBD-ADD9-80AEEB8295C4}
	EndGlobalSection
EndGlobal
