
Microsoft Visual Studio Solution File, Format Version 12.00
# Visual Studio Version 16
VisualStudioVersion = 16.0.30128.74
MinimumVisualStudioVersion = 10.0.40219.1
Project("{FAE04EC0-301F-11D3-BF4B-00C04F79EFBC}") = "Lecture_ADO_NET", "Lecture_ADO_NET\Lecture_ADO_NET.csproj", "{42170D6F-8058-4E15-B1CB-58A4C26DA65A}"
EndProject
Global
	GlobalSection(SolutionConfigurationPlatforms) = preSolution
		Debug|Any CPU = Debug|Any CPU
		Release|Any CPU = Release|Any CPU
	EndGlobalSection
	GlobalSection(ProjectConfigurationPlatforms) = postSolution
		{42170D6F-8058-4E15-B1CB-58A4C26DA65A}.Debug|Any CPU.ActiveCfg = Debug|Any CPU
		{42170D6F-8058-4E15-B1CB-58A4C26DA65A}.Debug|Any CPU.Build.0 = Debug|Any CPU
		{42170D6F-8058-4E15-B1CB-58A4C26DA65A}.Release|Any CPU.ActiveCfg = Release|Any CPU
		{42170D6F-8058-4E15-B1CB-58A4C26DA65A}.Release|Any CPU.Build.0 = Release|Any CPU
	EndGlobalSection
	GlobalSection(SolutionProperties) = preSolution
		HideSolutionNode = FALSE
	EndGlobalSection
	GlobalSection(ExtensibilityGlobals) = postSolution
		SolutionGuid = {7A801006-2BEE-43C0-9C5E-CFEBD15E6DD7}
	EndGlobalSection
EndGlobal
