
Microsoft Visual Studio Solution File, Format Version 12.00
# Visual Studio Version 16
VisualStudioVersion = 16.0.30128.74
MinimumVisualStudioVersion = 10.0.40219.1
Project("{FAE04EC0-301F-11D3-BF4B-00C04F79EFBC}") = "Lecture_EF_EntityRelations", "Lecture_EF_EntityRelations\Lecture_EF_EntityRelations.csproj", "{90CB2125-0985-410D-AA09-0D18CD5E55BB}"
EndProject
Global
	GlobalSection(SolutionConfigurationPlatforms) = preSolution
		Debug|Any CPU = Debug|Any CPU
		Release|Any CPU = Release|Any CPU
	EndGlobalSection
	GlobalSection(ProjectConfigurationPlatforms) = postSolution
		{90CB2125-0985-410D-AA09-0D18CD5E55BB}.Debug|Any CPU.ActiveCfg = Debug|Any CPU
		{90CB2125-0985-410D-AA09-0D18CD5E55BB}.Debug|Any CPU.Build.0 = Debug|Any CPU
		{90CB2125-0985-410D-AA09-0D18CD5E55BB}.Release|Any CPU.ActiveCfg = Release|Any CPU
		{90CB2125-0985-410D-AA09-0D18CD5E55BB}.Release|Any CPU.Build.0 = Release|Any CPU
	EndGlobalSection
	GlobalSection(SolutionProperties) = preSolution
		HideSolutionNode = FALSE
	EndGlobalSection
	GlobalSection(ExtensibilityGlobals) = postSolution
		SolutionGuid = {28E85633-FE26-4675-B4A2-06C68A74E89E}
	EndGlobalSection
EndGlobal
