
Microsoft Visual Studio Solution File, Format Version 12.00
# Visual Studio Version 16
VisualStudioVersion = 16.0.30225.117
MinimumVisualStudioVersion = 10.0.40219.1
Project("{9A19103F-16F7-4668-BE54-9A1E7A4F7556}") = "Lecture_EF_LINQ", "Lecture_EF_LINQ\Lecture_EF_LINQ.csproj", "{AE2EBEC1-C633-4D8D-83CE-FCA05A3E7D68}"
EndProject
Project("{FAE04EC0-301F-11D3-BF4B-00C04F79EFBC}") = "DapperDemo", "DapperDemo\DapperDemo.csproj", "{955A7D9D-F6C7-4A00-9819-717792511D7C}"
EndProject
Global
	GlobalSection(SolutionConfigurationPlatforms) = preSolution
		Debug|Any CPU = Debug|Any CPU
		Release|Any CPU = Release|Any CPU
	EndGlobalSection
	GlobalSection(ProjectConfigurationPlatforms) = postSolution
		{AE2EBEC1-C633-4D8D-83CE-FCA05A3E7D68}.Debug|Any CPU.ActiveCfg = Debug|Any CPU
		{AE2EBEC1-C633-4D8D-83CE-FCA05A3E7D68}.Debug|Any CPU.Build.0 = Debug|Any CPU
		{AE2EBEC1-C633-4D8D-83CE-FCA05A3E7D68}.Release|Any CPU.ActiveCfg = Release|Any CPU
		{AE2EBEC1-C633-4D8D-83CE-FCA05A3E7D68}.Release|Any CPU.Build.0 = Release|Any CPU
		{955A7D9D-F6C7-4A00-9819-717792511D7C}.Debug|Any CPU.ActiveCfg = Debug|Any CPU
		{955A7D9D-F6C7-4A00-9819-717792511D7C}.Debug|Any CPU.Build.0 = Debug|Any CPU
		{955A7D9D-F6C7-4A00-9819-717792511D7C}.Release|Any CPU.ActiveCfg = Release|Any CPU
		{955A7D9D-F6C7-4A00-9819-717792511D7C}.Release|Any CPU.Build.0 = Release|Any CPU
	EndGlobalSection
	GlobalSection(SolutionProperties) = preSolution
		HideSolutionNode = FALSE
	EndGlobalSection
	GlobalSection(ExtensibilityGlobals) = postSolution
		SolutionGuid = {942E2582-F2BB-4A84-960C-191CFE607F6B}
	EndGlobalSection
EndGlobal
